// !$*UTF8*$!
{
	archiveVersion = 1;
	classes = {
	};
	objectVersion = 50;
	objects = {

/* Begin PBXBuildFile section */
		3F3414F7243C782E00721473 /* NetworkTests.swift in Sources */ = {isa = PBXBuildFile; fileRef = 3F3414F6243C782E00721473 /* NetworkTests.swift */; };
		3F3668D2244F30530036C655 /* VendorPresenterTests.swift in Sources */ = {isa = PBXBuildFile; fileRef = 3F3668D1244F30530036C655 /* VendorPresenterTests.swift */; };
		3F3668D4244F31350036C655 /* VendorInteractorProtocol.swift in Sources */ = {isa = PBXBuildFile; fileRef = 3F3668D3244F31350036C655 /* VendorInteractorProtocol.swift */; };
		3F3668D6244F31850036C655 /* VendorsPresenter.swift in Sources */ = {isa = PBXBuildFile; fileRef = 3F3668D5244F31850036C655 /* VendorsPresenter.swift */; };
		3F48FA2824375A680012583A /* AppDelegate.swift in Sources */ = {isa = PBXBuildFile; fileRef = 3F48FA2724375A680012583A /* AppDelegate.swift */; };
		3F48FA2A24375A680012583A /* SceneDelegate.swift in Sources */ = {isa = PBXBuildFile; fileRef = 3F48FA2924375A680012583A /* SceneDelegate.swift */; };
		3F48FA2C24375A680012583A /* ContentView.swift in Sources */ = {isa = PBXBuildFile; fileRef = 3F48FA2B24375A680012583A /* ContentView.swift */; };
		3F48FA2E24375A6C0012583A /* Assets.xcassets in Resources */ = {isa = PBXBuildFile; fileRef = 3F48FA2D24375A6C0012583A /* Assets.xcassets */; };
		3F48FA3124375A6C0012583A /* Preview Assets.xcassets in Resources */ = {isa = PBXBuildFile; fileRef = 3F48FA3024375A6C0012583A /* Preview Assets.xcassets */; };
		3F48FA3424375A6D0012583A /* LaunchScreen.storyboard in Resources */ = {isa = PBXBuildFile; fileRef = 3F48FA3224375A6D0012583A /* LaunchScreen.storyboard */; };
		3FD2E412243C7FC700F4F396 /* SomeNetworkProtocol.swift in Sources */ = {isa = PBXBuildFile; fileRef = 3FD2E411243C7FC700F4F396 /* SomeNetworkProtocol.swift */; };
		3FD2E414243C808200F4F396 /* Network.swift in Sources */ = {isa = PBXBuildFile; fileRef = 3FD2E413243C808200F4F396 /* Network.swift */; };
		3FD2E416243C817700F4F396 /* validresponse.json in Resources */ = {isa = PBXBuildFile; fileRef = 3FD2E415243C817700F4F396 /* validresponse.json */; };
		3FD2E420243C87FC00F4F396 /* LocalResponse.swift in Sources */ = {isa = PBXBuildFile; fileRef = 3FD2E41F243C87FC00F4F396 /* LocalResponse.swift */; };
		3FD2E423243C8E1400F4F396 /* VendorInteractor.swift in Sources */ = {isa = PBXBuildFile; fileRef = 3FD2E422243C8E1400F4F396 /* VendorInteractor.swift */; };
		3FD2E425243C8E4000F4F396 /* Vendor.swift in Sources */ = {isa = PBXBuildFile; fileRef = 3FD2E424243C8E4000F4F396 /* Vendor.swift */; };
		3FD2E427243C957E00F4F396 /* MultipleVendorResponseTests.swift in Sources */ = {isa = PBXBuildFile; fileRef = 3FD2E426243C957E00F4F396 /* MultipleVendorResponseTests.swift */; };
		3FD56C192458681500AAC351 /* VendorsVM.swift in Sources */ = {isa = PBXBuildFile; fileRef = 3FD56C182458681500AAC351 /* VendorsVM.swift */; };
/* End PBXBuildFile section */

/* Begin PBXContainerItemProxy section */
		3F48FA3B24375A6D0012583A /* PBXContainerItemProxy */ = {
			isa = PBXContainerItemProxy;
			containerPortal = 3F48FA1C24375A680012583A /* Project object */;
			proxyType = 1;
			remoteGlobalIDString = 3F48FA2324375A680012583A;
			remoteInfo = VendorEngrams;
		};
/* End PBXContainerItemProxy section */

/* Begin PBXFileReference section */
		3F3414F6243C782E00721473 /* NetworkTests.swift */ = {isa = PBXFileReference; lastKnownFileType = sourcecode.swift; path = NetworkTests.swift; sourceTree = "<group>"; };
		3F3668D1244F30530036C655 /* VendorPresenterTests.swift */ = {isa = PBXFileReference; lastKnownFileType = sourcecode.swift; path = VendorPresenterTests.swift; sourceTree = "<group>"; };
		3F3668D3244F31350036C655 /* VendorInteractorProtocol.swift */ = {isa = PBXFileReference; lastKnownFileType = sourcecode.swift; path = VendorInteractorProtocol.swift; sourceTree = "<group>"; };
		3F3668D5244F31850036C655 /* VendorsPresenter.swift */ = {isa = PBXFileReference; lastKnownFileType = sourcecode.swift; path = VendorsPresenter.swift; sourceTree = "<group>"; };
		3F48FA2424375A680012583A /* VendorEngrams.app */ = {isa = PBXFileReference; explicitFileType = wrapper.application; includeInIndex = 0; path = VendorEngrams.app; sourceTree = BUILT_PRODUCTS_DIR; };
		3F48FA2724375A680012583A /* AppDelegate.swift */ = {isa = PBXFileReference; lastKnownFileType = sourcecode.swift; path = AppDelegate.swift; sourceTree = "<group>"; };
		3F48FA2924375A680012583A /* SceneDelegate.swift */ = {isa = PBXFileReference; lastKnownFileType = sourcecode.swift; path = SceneDelegate.swift; sourceTree = "<group>"; };
		3F48FA2B24375A680012583A /* ContentView.swift */ = {isa = PBXFileReference; lastKnownFileType = sourcecode.swift; path = ContentView.swift; sourceTree = "<group>"; };
		3F48FA2D24375A6C0012583A /* Assets.xcassets */ = {isa = PBXFileReference; lastKnownFileType = folder.assetcatalog; path = Assets.xcassets; sourceTree = "<group>"; };
		3F48FA3024375A6C0012583A /* Preview Assets.xcassets */ = {isa = PBXFileReference; lastKnownFileType = folder.assetcatalog; path = "Preview Assets.xcassets"; sourceTree = "<group>"; };
		3F48FA3324375A6D0012583A /* Base */ = {isa = PBXFileReference; lastKnownFileType = file.storyboard; name = Base; path = Base.lproj/LaunchScreen.storyboard; sourceTree = "<group>"; };
		3F48FA3524375A6D0012583A /* Info.plist */ = {isa = PBXFileReference; lastKnownFileType = text.plist.xml; path = Info.plist; sourceTree = "<group>"; };
		3F48FA3A24375A6D0012583A /* VendorEngramsTests.xctest */ = {isa = PBXFileReference; explicitFileType = wrapper.cfbundle; includeInIndex = 0; path = VendorEngramsTests.xctest; sourceTree = BUILT_PRODUCTS_DIR; };
		3F48FA4024375A6D0012583A /* Info.plist */ = {isa = PBXFileReference; lastKnownFileType = text.plist.xml; path = Info.plist; sourceTree = "<group>"; };
		3FD2E411243C7FC700F4F396 /* SomeNetworkProtocol.swift */ = {isa = PBXFileReference; lastKnownFileType = sourcecode.swift; path = SomeNetworkProtocol.swift; sourceTree = "<group>"; };
		3FD2E413243C808200F4F396 /* Network.swift */ = {isa = PBXFileReference; lastKnownFileType = sourcecode.swift; path = Network.swift; sourceTree = "<group>"; };
		3FD2E415243C817700F4F396 /* validresponse.json */ = {isa = PBXFileReference; lastKnownFileType = text.json; path = validresponse.json; sourceTree = "<group>"; };
		3FD2E41F243C87FC00F4F396 /* LocalResponse.swift */ = {isa = PBXFileReference; lastKnownFileType = sourcecode.swift; path = LocalResponse.swift; sourceTree = "<group>"; };
		3FD2E422243C8E1400F4F396 /* VendorInteractor.swift */ = {isa = PBXFileReference; lastKnownFileType = sourcecode.swift; path = VendorInteractor.swift; sourceTree = "<group>"; };
		3FD2E424243C8E4000F4F396 /* Vendor.swift */ = {isa = PBXFileReference; lastKnownFileType = sourcecode.swift; path = Vendor.swift; sourceTree = "<group>"; };
		3FD2E426243C957E00F4F396 /* MultipleVendorResponseTests.swift */ = {isa = PBXFileReference; lastKnownFileType = sourcecode.swift; path = MultipleVendorResponseTests.swift; sourceTree = "<group>"; };
		3FD56C182458681500AAC351 /* VendorsVM.swift */ = {isa = PBXFileReference; lastKnownFileType = sourcecode.swift; path = VendorsVM.swift; sourceTree = "<group>"; };
/* End PBXFileReference section */

/* Begin PBXFrameworksBuildPhase section */
		3F48FA2124375A680012583A /* Frameworks */ = {
			isa = PBXFrameworksBuildPhase;
			buildActionMask = 2147483647;
			files = (
			);
			runOnlyForDeploymentPostprocessing = 0;
		};
		3F48FA3724375A6D0012583A /* Frameworks */ = {
			isa = PBXFrameworksBuildPhase;
			buildActionMask = 2147483647;
			files = (
			);
			runOnlyForDeploymentPostprocessing = 0;
		};
/* End PBXFrameworksBuildPhase section */

/* Begin PBXGroup section */
		3F48FA1B24375A680012583A = {
			isa = PBXGroup;
			children = (
				3F48FA2624375A680012583A /* VendorEngrams */,
				3F48FA3D24375A6D0012583A /* VendorEngramsTests */,
				3F48FA2524375A680012583A /* Products */,
			);
			sourceTree = "<group>";
		};
		3F48FA2524375A680012583A /* Products */ = {
			isa = PBXGroup;
			children = (
				3F48FA2424375A680012583A /* VendorEngrams.app */,
				3F48FA3A24375A6D0012583A /* VendorEngramsTests.xctest */,
			);
			name = Products;
			sourceTree = "<group>";
		};
		3F48FA2624375A680012583A /* VendorEngrams */ = {
			isa = PBXGroup;
			children = (
				3FD2E421243C8E0700F4F396 /* Vendor */,
				3FD2E410243C7F9E00F4F396 /* Network */,
				3F48FA2724375A680012583A /* AppDelegate.swift */,
				3F48FA2924375A680012583A /* SceneDelegate.swift */,
				3F48FA2B24375A680012583A /* ContentView.swift */,
				3F48FA2D24375A6C0012583A /* Assets.xcassets */,
				3F48FA3224375A6D0012583A /* LaunchScreen.storyboard */,
				3F48FA3524375A6D0012583A /* Info.plist */,
				3F48FA2F24375A6C0012583A /* Preview Content */,
			);
			path = VendorEngrams;
			sourceTree = "<group>";
		};
		3F48FA2F24375A6C0012583A /* Preview Content */ = {
			isa = PBXGroup;
			children = (
				3F48FA3024375A6C0012583A /* Preview Assets.xcassets */,
			);
			path = "Preview Content";
			sourceTree = "<group>";
		};
		3F48FA3D24375A6D0012583A /* VendorEngramsTests */ = {
			isa = PBXGroup;
			children = (
				3F48FA4024375A6D0012583A /* Info.plist */,
				3F3414F6243C782E00721473 /* NetworkTests.swift */,
				3FD2E415243C817700F4F396 /* validresponse.json */,
				3FD2E41F243C87FC00F4F396 /* LocalResponse.swift */,
				3FD2E426243C957E00F4F396 /* MultipleVendorResponseTests.swift */,
				3F3668D1244F30530036C655 /* VendorPresenterTests.swift */,
			);
			path = VendorEngramsTests;
			sourceTree = "<group>";
		};
		3FD2E410243C7F9E00F4F396 /* Network */ = {
			isa = PBXGroup;
			children = (
				3FD2E411243C7FC700F4F396 /* SomeNetworkProtocol.swift */,
				3FD2E413243C808200F4F396 /* Network.swift */,
			);
			path = Network;
			sourceTree = "<group>";
		};
		3FD2E421243C8E0700F4F396 /* Vendor */ = {
			isa = PBXGroup;
			children = (
				3FD2E422243C8E1400F4F396 /* VendorInteractor.swift */,
				3FD2E424243C8E4000F4F396 /* Vendor.swift */,
				3F3668D3244F31350036C655 /* VendorInteractorProtocol.swift */,
				3F3668D5244F31850036C655 /* VendorsPresenter.swift */,
				3FD56C182458681500AAC351 /* VendorsVM.swift */,
			);
			path = Vendor;
			sourceTree = "<group>";
		};
/* End PBXGroup section */

/* Begin PBXNativeTarget section */
		3F48FA2324375A680012583A /* VendorEngrams */ = {
			isa = PBXNativeTarget;
			buildConfigurationList = 3F48FA4E24375A6D0012583A /* Build configuration list for PBXNativeTarget "VendorEngrams" */;
			buildPhases = (
				3F48FA2024375A680012583A /* Sources */,
				3F48FA2124375A680012583A /* Frameworks */,
				3F48FA2224375A680012583A /* Resources */,
			);
			buildRules = (
			);
			dependencies = (
			);
			name = VendorEngrams;
			productName = VendorEngrams;
			productReference = 3F48FA2424375A680012583A /* VendorEngrams.app */;
			productType = "com.apple.product-type.application";
		};
		3F48FA3924375A6D0012583A /* VendorEngramsTests */ = {
			isa = PBXNativeTarget;
			buildConfigurationList = 3F48FA5124375A6D0012583A /* Build configuration list for PBXNativeTarget "VendorEngramsTests" */;
			buildPhases = (
				3F48FA3624375A6D0012583A /* Sources */,
				3F48FA3724375A6D0012583A /* Frameworks */,
				3F48FA3824375A6D0012583A /* Resources */,
			);
			buildRules = (
			);
			dependencies = (
				3F48FA3C24375A6D0012583A /* PBXTargetDependency */,
			);
			name = VendorEngramsTests;
			productName = VendorEngramsTests;
			productReference = 3F48FA3A24375A6D0012583A /* VendorEngramsTests.xctest */;
			productType = "com.apple.product-type.bundle.unit-test";
		};
/* End PBXNativeTarget section */

/* Begin PBXProject section */
		3F48FA1C24375A680012583A /* Project object */ = {
			isa = PBXProject;
			attributes = {
				LastSwiftUpdateCheck = 1140;
				LastUpgradeCheck = 1140;
				ORGANIZATIONNAME = "Ryan Johnstone";
				TargetAttributes = {
					3F48FA2324375A680012583A = {
						CreatedOnToolsVersion = 11.4;
					};
					3F48FA3924375A6D0012583A = {
						CreatedOnToolsVersion = 11.4;
						TestTargetID = 3F48FA2324375A680012583A;
					};
				};
			};
			buildConfigurationList = 3F48FA1F24375A680012583A /* Build configuration list for PBXProject "VendorEngrams" */;
			compatibilityVersion = "Xcode 9.3";
			developmentRegion = en;
			hasScannedForEncodings = 0;
			knownRegions = (
				en,
				Base,
			);
			mainGroup = 3F48FA1B24375A680012583A;
			productRefGroup = 3F48FA2524375A680012583A /* Products */;
			projectDirPath = "";
			projectRoot = "";
			targets = (
				3F48FA2324375A680012583A /* VendorEngrams */,
				3F48FA3924375A6D0012583A /* VendorEngramsTests */,
			);
		};
/* End PBXProject section */

/* Begin PBXResourcesBuildPhase section */
		3F48FA2224375A680012583A /* Resources */ = {
			isa = PBXResourcesBuildPhase;
			buildActionMask = 2147483647;
			files = (
				3F48FA3424375A6D0012583A /* LaunchScreen.storyboard in Resources */,
				3F48FA3124375A6C0012583A /* Preview Assets.xcassets in Resources */,
				3F48FA2E24375A6C0012583A /* Assets.xcassets in Resources */,
			);
			runOnlyForDeploymentPostprocessing = 0;
		};
		3F48FA3824375A6D0012583A /* Resources */ = {
			isa = PBXResourcesBuildPhase;
			buildActionMask = 2147483647;
			files = (
				3FD2E416243C817700F4F396 /* validresponse.json in Resources */,
			);
			runOnlyForDeploymentPostprocessing = 0;
		};
/* End PBXResourcesBuildPhase section */

/* Begin PBXSourcesBuildPhase section */
		3F48FA2024375A680012583A /* Sources */ = {
			isa = PBXSourcesBuildPhase;
			buildActionMask = 2147483647;
			files = (
				3FD2E423243C8E1400F4F396 /* VendorInteractor.swift in Sources */,
				3FD2E425243C8E4000F4F396 /* Vendor.swift in Sources */,
				3FD56C192458681500AAC351 /* VendorsVM.swift in Sources */,
				3F3668D6244F31850036C655 /* VendorsPresenter.swift in Sources */,
				3FD2E414243C808200F4F396 /* Network.swift in Sources */,
				3FD2E412243C7FC700F4F396 /* SomeNetworkProtocol.swift in Sources */,
				3F3668D4244F31350036C655 /* VendorInteractorProtocol.swift in Sources */,
				3F48FA2824375A680012583A /* AppDelegate.swift in Sources */,
				3F48FA2A24375A680012583A /* SceneDelegate.swift in Sources */,
				3F48FA2C24375A680012583A /* ContentView.swift in Sources */,
			);
			runOnlyForDeploymentPostprocessing = 0;
		};
		3F48FA3624375A6D0012583A /* Sources */ = {
			isa = PBXSourcesBuildPhase;
			buildActionMask = 2147483647;
			files = (
				3FD2E427243C957E00F4F396 /* MultipleVendorResponseTests.swift in Sources */,
				3FD2E420243C87FC00F4F396 /* LocalResponse.swift in Sources */,
				3F3668D2244F30530036C655 /* VendorPresenterTests.swift in Sources */,
				3F3414F7243C782E00721473 /* NetworkTests.swift in Sources */,
			);
			runOnlyForDeploymentPostprocessing = 0;
		};
/* End PBXSourcesBuildPhase section */

/* Begin PBXTargetDependency section */
		3F48FA3C24375A6D0012583A /* PBXTargetDependency */ = {
			isa = PBXTargetDependency;
			target = 3F48FA2324375A680012583A /* VendorEngrams */;
			targetProxy = 3F48FA3B24375A6D0012583A /* PBXContainerItemProxy */;
		};
/* End PBXTargetDependency section */

/* Begin PBXVariantGroup section */
		3F48FA3224375A6D0012583A /* LaunchScreen.storyboard */ = {
			isa = PBXVariantGroup;
			children = (
				3F48FA3324375A6D0012583A /* Base */,
			);
			name = LaunchScreen.storyboard;
			sourceTree = "<group>";
		};
/* End PBXVariantGroup section */

/* Begin XCBuildConfiguration section */
		3F48FA4C24375A6D0012583A /* Debug */ = {
			isa = XCBuildConfiguration;
			buildSettings = {
				ALWAYS_SEARCH_USER_PATHS = NO;
				CLANG_ANALYZER_NONNULL = YES;
				CLANG_ANALYZER_NUMBER_OBJECT_CONVERSION = YES_AGGRESSIVE;
				CLANG_CXX_LANGUAGE_STANDARD = "gnu++14";
				CLANG_CXX_LIBRARY = "libc++";
				CLANG_ENABLE_MODULES = YES;
				CLANG_ENABLE_OBJC_ARC = YES;
				CLANG_ENABLE_OBJC_WEAK = YES;
				CLANG_WARN_BLOCK_CAPTURE_AUTORELEASING = YES;
				CLANG_WARN_BOOL_CONVERSION = YES;
				CLANG_WARN_COMMA = YES;
				CLANG_WARN_CONSTANT_CONVERSION = YES;
				CLANG_WARN_DEPRECATED_OBJC_IMPLEMENTATIONS = YES;
				CLANG_WARN_DIRECT_OBJC_ISA_USAGE = YES_ERROR;
				CLANG_WARN_DOCUMENTATION_COMMENTS = YES;
				CLANG_WARN_EMPTY_BODY = YES;
				CLANG_WARN_ENUM_CONVERSION = YES;
				CLANG_WARN_INFINITE_RECURSION = YES;
				CLANG_WARN_INT_CONVERSION = YES;
				CLANG_WARN_NON_LITERAL_NULL_CONVERSION = YES;
				CLANG_WARN_OBJC_IMPLICIT_RETAIN_SELF = YES;
				CLANG_WARN_OBJC_LITERAL_CONVERSION = YES;
				CLANG_WARN_OBJC_ROOT_CLASS = YES_ERROR;
				CLANG_WARN_RANGE_LOOP_ANALYSIS = YES;
				CLANG_WARN_STRICT_PROTOTYPES = YES;
				CLANG_WARN_SUSPICIOUS_MOVE = YES;
				CLANG_WARN_UNGUARDED_AVAILABILITY = YES_AGGRESSIVE;
				CLANG_WARN_UNREACHABLE_CODE = YES;
				CLANG_WARN__DUPLICATE_METHOD_MATCH = YES;
				COPY_PHASE_STRIP = NO;
				DEBUG_INFORMATION_FORMAT = dwarf;
				ENABLE_STRICT_OBJC_MSGSEND = YES;
				ENABLE_TESTABILITY = YES;
				GCC_C_LANGUAGE_STANDARD = gnu11;
				GCC_DYNAMIC_NO_PIC = NO;
				GCC_NO_COMMON_BLOCKS = YES;
				GCC_OPTIMIZATION_LEVEL = 0;
				GCC_PREPROCESSOR_DEFINITIONS = (
					"DEBUG=1",
					"$(inherited)",
				);
				GCC_WARN_64_TO_32_BIT_CONVERSION = YES;
				GCC_WARN_ABOUT_RETURN_TYPE = YES_ERROR;
				GCC_WARN_UNDECLARED_SELECTOR = YES;
				GCC_WARN_UNINITIALIZED_AUTOS = YES_AGGRESSIVE;
				GCC_WARN_UNUSED_FUNCTION = YES;
				GCC_WARN_UNUSED_VARIABLE = YES;
				IPHONEOS_DEPLOYMENT_TARGET = 13.4;
				MTL_ENABLE_DEBUG_INFO = INCLUDE_SOURCE;
				MTL_FAST_MATH = YES;
				ONLY_ACTIVE_ARCH = YES;
				SDKROOT = iphoneos;
				SWIFT_ACTIVE_COMPILATION_CONDITIONS = DEBUG;
				SWIFT_OPTIMIZATION_LEVEL = "-Onone";
			};
			name = Debug;
		};
		3F48FA4D24375A6D0012583A /* Release */ = {
			isa = XCBuildConfiguration;
			buildSettings = {
				ALWAYS_SEARCH_USER_PATHS = NO;
				CLANG_ANALYZER_NONNULL = YES;
				CLANG_ANALYZER_NUMBER_OBJECT_CONVERSION = YES_AGGRESSIVE;
				CLANG_CXX_LANGUAGE_STANDARD = "gnu++14";
				CLANG_CXX_LIBRARY = "libc++";
				CLANG_ENABLE_MODULES = YES;
				CLANG_ENABLE_OBJC_ARC = YES;
				CLANG_ENABLE_OBJC_WEAK = YES;
				CLANG_WARN_BLOCK_CAPTURE_AUTORELEASING = YES;
				CLANG_WARN_BOOL_CONVERSION = YES;
				CLANG_WARN_COMMA = YES;
				CLANG_WARN_CONSTANT_CONVERSION = YES;
				CLANG_WARN_DEPRECATED_OBJC_IMPLEMENTATIONS = YES;
				CLANG_WARN_DIRECT_OBJC_ISA_USAGE = YES_ERROR;
				CLANG_WARN_DOCUMENTATION_COMMENTS = YES;
				CLANG_WARN_EMPTY_BODY = YES;
				CLANG_WARN_ENUM_CONVERSION = YES;
				CLANG_WARN_INFINITE_RECURSION = YES;
				CLANG_WARN_INT_CONVERSION = YES;
				CLANG_WARN_NON_LITERAL_NULL_CONVERSION = YES;
				CLANG_WARN_OBJC_IMPLICIT_RETAIN_SELF = YES;
				CLANG_WARN_OBJC_LITERAL_CONVERSION = YES;
				CLANG_WARN_OBJC_ROOT_CLASS = YES_ERROR;
				CLANG_WARN_RANGE_LOOP_ANALYSIS = YES;
				CLANG_WARN_STRICT_PROTOTYPES = YES;
				CLANG_WARN_SUSPICIOUS_MOVE = YES;
				CLANG_WARN_UNGUARDED_AVAILABILITY = YES_AGGRESSIVE;
				CLANG_WARN_UNREACHABLE_CODE = YES;
				CLANG_WARN__DUPLICATE_METHOD_MATCH = YES;
				COPY_PHASE_STRIP = NO;
				DEBUG_INFORMATION_FORMAT = "dwarf-with-dsym";
				ENABLE_NS_ASSERTIONS = NO;
				ENABLE_STRICT_OBJC_MSGSEND = YES;
				GCC_C_LANGUAGE_STANDARD = gnu11;
				GCC_NO_COMMON_BLOCKS = YES;
				GCC_WARN_64_TO_32_BIT_CONVERSION = YES;
				GCC_WARN_ABOUT_RETURN_TYPE = YES_ERROR;
				GCC_WARN_UNDECLARED_SELECTOR = YES;
				GCC_WARN_UNINITIALIZED_AUTOS = YES_AGGRESSIVE;
				GCC_WARN_UNUSED_FUNCTION = YES;
				GCC_WARN_UNUSED_VARIABLE = YES;
				IPHONEOS_DEPLOYMENT_TARGET = 13.4;
				MTL_ENABLE_DEBUG_INFO = NO;
				MTL_FAST_MATH = YES;
				SDKROOT = iphoneos;
				SWIFT_COMPILATION_MODE = wholemodule;
				SWIFT_OPTIMIZATION_LEVEL = "-O";
				VALIDATE_PRODUCT = YES;
			};
			name = Release;
		};
		3F48FA4F24375A6D0012583A /* Debug */ = {
			isa = XCBuildConfiguration;
			buildSettings = {
				ASSETCATALOG_COMPILER_APPICON_NAME = AppIcon;
				CODE_SIGN_STYLE = Automatic;
				DEFINES_MODULE = YES;
				DEVELOPMENT_ASSET_PATHS = "\"VendorEngrams/Preview Content\"";
				DEVELOPMENT_TEAM = 8JLK8JR28D;
				ENABLE_PREVIEWS = YES;
				INFOPLIST_FILE = VendorEngrams/Info.plist;
				LD_RUNPATH_SEARCH_PATHS = (
					"$(inherited)",
					"@executable_path/Frameworks",
				);
				PRODUCT_BUNDLE_IDENTIFIER = RyanJohnstone.VendorEngrams;
				PRODUCT_NAME = "$(TARGET_NAME)";
				SWIFT_VERSION = 5.0;
				TARGETED_DEVICE_FAMILY = "1,2";
			};
			name = Debug;
		};
		3F48FA5024375A6D0012583A /* Release */ = {
			isa = XCBuildConfiguration;
			buildSettings = {
				ASSETCATALOG_COMPILER_APPICON_NAME = AppIcon;
				CODE_SIGN_STYLE = Automatic;
				DEFINES_MODULE = YES;
				DEVELOPMENT_ASSET_PATHS = "\"VendorEngrams/Preview Content\"";
				DEVELOPMENT_TEAM = 8JLK8JR28D;
				ENABLE_PREVIEWS = YES;
				INFOPLIST_FILE = VendorEngrams/Info.plist;
				LD_RUNPATH_SEARCH_PATHS = (
					"$(inherited)",
					"@executable_path/Frameworks",
				);
				PRODUCT_BUNDLE_IDENTIFIER = RyanJohnstone.VendorEngrams;
				PRODUCT_NAME = "$(TARGET_NAME)";
				SWIFT_VERSION = 5.0;
				TARGETED_DEVICE_FAMILY = "1,2";
			};
			name = Release;
		};
		3F48FA5224375A6D0012583A /* Debug */ = {
			isa = XCBuildConfiguration;
			buildSettings = {
				ALWAYS_EMBED_SWIFT_STANDARD_LIBRARIES = YES;
				BUNDLE_LOADER = "$(TEST_HOST)";
				CODE_SIGN_STYLE = Automatic;
				DEVELOPMENT_TEAM = 8JLK8JR28D;
				INFOPLIST_FILE = VendorEngramsTests/Info.plist;
				IPHONEOS_DEPLOYMENT_TARGET = 13.4;
				LD_RUNPATH_SEARCH_PATHS = (
					"$(inherited)",
					"@executable_path/Frameworks",
					"@loader_path/Frameworks",
				);
				PRODUCT_BUNDLE_IDENTIFIER = RyanJohnstone.VendorEngramsTests;
				PRODUCT_NAME = "$(TARGET_NAME)";
				SWIFT_VERSION = 5.0;
				TARGETED_DEVICE_FAMILY = "1,2";
				TEST_HOST = "$(BUILT_PRODUCTS_DIR)/VendorEngrams.app/VendorEngrams";
			};
			name = Debug;
		};
		3F48FA5324375A6D0012583A /* Release */ = {
			isa = XCBuildConfiguration;
			buildSettings = {
				ALWAYS_EMBED_SWIFT_STANDARD_LIBRARIES = YES;
				BUNDLE_LOADER = "$(TEST_HOST)";
				CODE_SIGN_STYLE = Automatic;
				DEVELOPMENT_TEAM = 8JLK8JR28D;
				INFOPLIST_FILE = VendorEngramsTests/Info.plist;
				IPHONEOS_DEPLOYMENT_TARGET = 13.4;
				LD_RUNPATH_SEARCH_PATHS = (
					"$(inherited)",
					"@executable_path/Frameworks",
					"@loader_path/Frameworks",
				);
				PRODUCT_BUNDLE_IDENTIFIER = RyanJohnstone.VendorEngramsTests;
				PRODUCT_NAME = "$(TARGET_NAME)";
				SWIFT_VERSION = 5.0;
				TARGETED_DEVICE_FAMILY = "1,2";
				TEST_HOST = "$(BUILT_PRODUCTS_DIR)/VendorEngrams.app/VendorEngrams";
			};
			name = Release;
		};
/* End XCBuildConfiguration section */

/* Begin XCConfigurationList section */
		3F48FA1F24375A680012583A /* Build configuration list for PBXProject "VendorEngrams" */ = {
			isa = XCConfigurationList;
			buildConfigurations = (
				3F48FA4C24375A6D0012583A /* Debug */,
				3F48FA4D24375A6D0012583A /* Release */,
			);
			defaultConfigurationIsVisible = 0;
			defaultConfigurationName = Release;
		};
		3F48FA4E24375A6D0012583A /* Build configuration list for PBXNativeTarget "VendorEngrams" */ = {
			isa = XCConfigurationList;
			buildConfigurations = (
				3F48FA4F24375A6D0012583A /* Debug */,
				3F48FA5024375A6D0012583A /* Release */,
			);
			defaultConfigurationIsVisible = 0;
			defaultConfigurationName = Release;
		};
		3F48FA5124375A6D0012583A /* Build configuration list for PBXNativeTarget "VendorEngramsTests" */ = {
			isa = XCConfigurationList;
			buildConfigurations = (
				3F48FA5224375A6D0012583A /* Debug */,
				3F48FA5324375A6D0012583A /* Release */,
			);
			defaultConfigurationIsVisible = 0;
			defaultConfigurationName = Release;
		};
/* End XCConfigurationList section */
	};
	rootObject = 3F48FA1C24375A680012583A /* Project object */;
}
